
Microsoft Visual Studio Solution File, Format Version 12.00
# Visual Studio Version 16
VisualStudioVersion = 16.0.30413.136
MinimumVisualStudioVersion = 10.0.40219.1
Project("{FAE04EC0-301F-11D3-BF4B-00C04F79EFBC}") = "GEDmatch-UploadVerifier", "GEDmatch-security\GEDmatch-UploadVerifier.csproj", "{59A36CEC-E6CD-4E24-9BD7-860D73DF4725}"
EndProject
Global
	GlobalSection(SolutionConfigurationPlatforms) = preSolution
		Debug|Any CPU = Debug|Any CPU
		Release|Any CPU = Release|Any CPU
	EndGlobalSection
	GlobalSection(ProjectConfigurationPlatforms) = postSolution
		{59A36CEC-E6CD-4E24-9BD7-860D73DF4725}.Debug|Any CPU.ActiveCfg = Debug|Any CPU
		{59A36CEC-E6CD-4E24-9BD7-860D73DF4725}.Debug|Any CPU.Build.0 = Debug|Any CPU
		{59A36CEC-E6CD-4E24-9BD7-860D73DF4725}.Release|Any CPU.ActiveCfg = Release|Any CPU
		{59A36CEC-E6CD-4E24-9BD7-860D73DF4725}.Release|Any CPU.Build.0 = Release|Any CPU
	EndGlobalSection
	GlobalSection(SolutionProperties) = preSolution
		HideSolutionNode = FALSE
	EndGlobalSection
	GlobalSection(ExtensibilityGlobals) = postSolution
		SolutionGuid = {28FF8936-30F8-4CD2-976E-6DD0E4E3D469}
	EndGlobalSection
EndGlobal
